
Microsoft Visual Studio Solution File, Format Version 12.00
# Visual Studio Version 16
VisualStudioVersion = 16.0.30204.135
MinimumVisualStudioVersion = 10.0.40219.1
Project("{FAE04EC0-301F-11D3-BF4B-00C04F79EFBC}") = "ConfigureServicesExample", "ConfigureServicesExample\ConfigureServicesExample.csproj", "{730663A2-DA95-4CA5-8F99-65374DD66475}"
EndProject
Global
	GlobalSection(SolutionConfigurationPlatforms) = preSolution
		Debug|Any CPU = Debug|Any CPU
		Release|Any CPU = Release|Any CPU
	EndGlobalSection
	GlobalSection(ProjectConfigurationPlatforms) = postSolution
		{730663A2-DA95-4CA5-8F99-65374DD66475}.Debug|Any CPU.ActiveCfg = Debug|Any CPU
		{730663A2-DA95-4CA5-8F99-65374DD66475}.Debug|Any CPU.Build.0 = Debug|Any CPU
		{730663A2-DA95-4CA5-8F99-65374DD66475}.Release|Any CPU.ActiveCfg = Release|Any CPU
		{730663A2-DA95-4CA5-8F99-65374DD66475}.Release|Any CPU.Build.0 = Release|Any CPU
	EndGlobalSection
	GlobalSection(SolutionProperties) = preSolution
		HideSolutionNode = FALSE
	EndGlobalSection
	GlobalSection(ExtensibilityGlobals) = postSolution
		SolutionGuid = {C296CDFE-1B8A-4C6C-A55E-C3B97C125821}
	EndGlobalSection
EndGlobal
